
Microsoft Visual Studio Solution File, Format Version 12.00
# Visual Studio 14
VisualStudioVersion = 14.0.25420.1
MinimumVisualStudioVersion = 10.0.40219.1
Project("{FAE04EC0-301F-11D3-BF4B-00C04F79EFBC}") = "WOW.SavesTool.WebApp", "WOW.SavesTool.WebApp\WOW.SavesTool.WebApp.csproj", "{E866C120-7691-469E-8F25-1DA290547298}"
EndProject
Project("{FAE04EC0-301F-11D3-BF4B-00C04F79EFBC}") = "WOW.SavesTool.Tests", "WOW.SavesTool.Tests\WOW.SavesTool.Tests.csproj", "{95DD030C-86D2-4D89-A633-41BD8C62C8D8}"
EndProject
Project("{FAE04EC0-301F-11D3-BF4B-00C04F79EFBC}") = "WOW.SaveTool.Data", "WOW.SaveTool.Data\WOW.SaveTool.Data.csproj", "{5F29152D-DDE6-404F-BF9D-35F07DD262B6}"
EndProject
Global
	GlobalSection(SolutionConfigurationPlatforms) = preSolution
		Debug|Any CPU = Debug|Any CPU
		Release|Any CPU = Release|Any CPU
	EndGlobalSection
	GlobalSection(ProjectConfigurationPlatforms) = postSolution
		{E866C120-7691-469E-8F25-1DA290547298}.Debug|Any CPU.ActiveCfg = Debug|Any CPU
		{E866C120-7691-469E-8F25-1DA290547298}.Debug|Any CPU.Build.0 = Debug|Any CPU
		{E866C120-7691-469E-8F25-1DA290547298}.Release|Any CPU.ActiveCfg = Release|Any CPU
		{E866C120-7691-469E-8F25-1DA290547298}.Release|Any CPU.Build.0 = Release|Any CPU
		{95DD030C-86D2-4D89-A633-41BD8C62C8D8}.Debug|Any CPU.ActiveCfg = Debug|Any CPU
		{95DD030C-86D2-4D89-A633-41BD8C62C8D8}.Debug|Any CPU.Build.0 = Debug|Any CPU
		{95DD030C-86D2-4D89-A633-41BD8C62C8D8}.Release|Any CPU.ActiveCfg = Release|Any CPU
		{95DD030C-86D2-4D89-A633-41BD8C62C8D8}.Release|Any CPU.Build.0 = Release|Any CPU
		{5F29152D-DDE6-404F-BF9D-35F07DD262B6}.Debug|Any CPU.ActiveCfg = Debug|Any CPU
		{5F29152D-DDE6-404F-BF9D-35F07DD262B6}.Debug|Any CPU.Build.0 = Debug|Any CPU
		{5F29152D-DDE6-404F-BF9D-35F07DD262B6}.Release|Any CPU.ActiveCfg = Release|Any CPU
		{5F29152D-DDE6-404F-BF9D-35F07DD262B6}.Release|Any CPU.Build.0 = Release|Any CPU
	EndGlobalSection
	GlobalSection(SolutionProperties) = preSolution
		HideSolutionNode = FALSE
	EndGlobalSection
EndGlobal
