
Microsoft Visual Studio Solution File, Format Version 12.00
# Visual Studio 14
VisualStudioVersion = 14.0.25420.1
MinimumVisualStudioVersion = 10.0.40219.1
Project("{FAE04EC0-301F-11D3-BF4B-00C04F79EFBC}") = "DesignPatternEngine", "DesignPatternEngine\DesignPatternEngine.csproj", "{D1C88958-8896-49C3-A1B1-EE0C8B93830F}"
EndProject
Project("{FAE04EC0-301F-11D3-BF4B-00C04F79EFBC}") = "DesignPatternTests", "DesignPatternTests\DesignPatternTests.csproj", "{F9D90A50-8DC9-4864-986A-07B4184CE21F}"
EndProject
Project("{FAE04EC0-301F-11D3-BF4B-00C04F79EFBC}") = "DesignPatterEngineWeb", "DesignPatterEngineWeb\DesignPatterEngineWeb.csproj", "{3A073187-0AD0-4E06-B2D6-A8C016219BFB}"
EndProject
Global
	GlobalSection(SolutionConfigurationPlatforms) = preSolution
		Debug|Any CPU = Debug|Any CPU
		Release|Any CPU = Release|Any CPU
	EndGlobalSection
	GlobalSection(ProjectConfigurationPlatforms) = postSolution
		{D1C88958-8896-49C3-A1B1-EE0C8B93830F}.Debug|Any CPU.ActiveCfg = Debug|Any CPU
		{D1C88958-8896-49C3-A1B1-EE0C8B93830F}.Debug|Any CPU.Build.0 = Debug|Any CPU
		{D1C88958-8896-49C3-A1B1-EE0C8B93830F}.Release|Any CPU.ActiveCfg = Release|Any CPU
		{D1C88958-8896-49C3-A1B1-EE0C8B93830F}.Release|Any CPU.Build.0 = Release|Any CPU
		{F9D90A50-8DC9-4864-986A-07B4184CE21F}.Debug|Any CPU.ActiveCfg = Debug|Any CPU
		{F9D90A50-8DC9-4864-986A-07B4184CE21F}.Debug|Any CPU.Build.0 = Debug|Any CPU
		{F9D90A50-8DC9-4864-986A-07B4184CE21F}.Release|Any CPU.ActiveCfg = Release|Any CPU
		{F9D90A50-8DC9-4864-986A-07B4184CE21F}.Release|Any CPU.Build.0 = Release|Any CPU
		{3A073187-0AD0-4E06-B2D6-A8C016219BFB}.Debug|Any CPU.ActiveCfg = Debug|Any CPU
		{3A073187-0AD0-4E06-B2D6-A8C016219BFB}.Debug|Any CPU.Build.0 = Debug|Any CPU
		{3A073187-0AD0-4E06-B2D6-A8C016219BFB}.Release|Any CPU.ActiveCfg = Release|Any CPU
		{3A073187-0AD0-4E06-B2D6-A8C016219BFB}.Release|Any CPU.Build.0 = Release|Any CPU
	EndGlobalSection
	GlobalSection(SolutionProperties) = preSolution
		HideSolutionNode = FALSE
	EndGlobalSection
EndGlobal
