
Microsoft Visual Studio Solution File, Format Version 12.00
# Visual Studio 15
VisualStudioVersion = 15.0.27428.2005
MinimumVisualStudioVersion = 10.0.40219.1
Project("{FAE04EC0-301F-11D3-BF4B-00C04F79EFBC}") = "LingToJsonLoadFromFile", "LingToJsonLoadFromFile\LingToJsonLoadFromFile.csproj", "{BEDED239-90F7-493F-9358-25B4C1BD291B}"
EndProject
Global
	GlobalSection(SolutionConfigurationPlatforms) = preSolution
		Debug|Any CPU = Debug|Any CPU
		Release|Any CPU = Release|Any CPU
	EndGlobalSection
	GlobalSection(ProjectConfigurationPlatforms) = postSolution
		{BEDED239-90F7-493F-9358-25B4C1BD291B}.Debug|Any CPU.ActiveCfg = Debug|Any CPU
		{BEDED239-90F7-493F-9358-25B4C1BD291B}.Debug|Any CPU.Build.0 = Debug|Any CPU
		{BEDED239-90F7-493F-9358-25B4C1BD291B}.Release|Any CPU.ActiveCfg = Release|Any CPU
		{BEDED239-90F7-493F-9358-25B4C1BD291B}.Release|Any CPU.Build.0 = Release|Any CPU
	EndGlobalSection
	GlobalSection(SolutionProperties) = preSolution
		HideSolutionNode = FALSE
	EndGlobalSection
	GlobalSection(ExtensibilityGlobals) = postSolution
		SolutionGuid = {188B0856-4DD0-48EC-92B1-C688000EF224}
	EndGlobalSection
EndGlobal
