
Microsoft Visual Studio Solution File, Format Version 12.00
# Visual Studio 15
VisualStudioVersion = 15.0.27130.2036
MinimumVisualStudioVersion = 10.0.40219.1
Project("{FAE04EC0-301F-11D3-BF4B-00C04F79EFBC}") = "EmployeeContractPolymorphism", "EmployeeContractPolymorphism\EmployeeContractPolymorphism.csproj", "{CF6D9325-8FEC-4BD4-97F3-B4C70C8FDE6A}"
EndProject
Global
	GlobalSection(SolutionConfigurationPlatforms) = preSolution
		Debug|Any CPU = Debug|Any CPU
		Release|Any CPU = Release|Any CPU
	EndGlobalSection
	GlobalSection(ProjectConfigurationPlatforms) = postSolution
		{CF6D9325-8FEC-4BD4-97F3-B4C70C8FDE6A}.Debug|Any CPU.ActiveCfg = Debug|Any CPU
		{CF6D9325-8FEC-4BD4-97F3-B4C70C8FDE6A}.Debug|Any CPU.Build.0 = Debug|Any CPU
		{CF6D9325-8FEC-4BD4-97F3-B4C70C8FDE6A}.Release|Any CPU.ActiveCfg = Release|Any CPU
		{CF6D9325-8FEC-4BD4-97F3-B4C70C8FDE6A}.Release|Any CPU.Build.0 = Release|Any CPU
	EndGlobalSection
	GlobalSection(SolutionProperties) = preSolution
		HideSolutionNode = FALSE
	EndGlobalSection
	GlobalSection(ExtensibilityGlobals) = postSolution
		SolutionGuid = {5C25C794-07AD-47E9-B94B-2023319275BA}
	EndGlobalSection
EndGlobal
