
Microsoft Visual Studio Solution File, Format Version 12.00
# Visual Studio 15
VisualStudioVersion = 15.0.27428.2005
MinimumVisualStudioVersion = 10.0.40219.1
Project("{FAE04EC0-301F-11D3-BF4B-00C04F79EFBC}") = "LinqXmlLoadFromFile", "LinqXmlLoadFromFile\LinqXmlLoadFromFile.csproj", "{4B00FFA5-F82A-4C46-8CA6-F71EB1FA0A16}"
EndProject
Global
	GlobalSection(SolutionConfigurationPlatforms) = preSolution
		Debug|Any CPU = Debug|Any CPU
		Release|Any CPU = Release|Any CPU
	EndGlobalSection
	GlobalSection(ProjectConfigurationPlatforms) = postSolution
		{4B00FFA5-F82A-4C46-8CA6-F71EB1FA0A16}.Debug|Any CPU.ActiveCfg = Debug|Any CPU
		{4B00FFA5-F82A-4C46-8CA6-F71EB1FA0A16}.Debug|Any CPU.Build.0 = Debug|Any CPU
		{4B00FFA5-F82A-4C46-8CA6-F71EB1FA0A16}.Release|Any CPU.ActiveCfg = Release|Any CPU
		{4B00FFA5-F82A-4C46-8CA6-F71EB1FA0A16}.Release|Any CPU.Build.0 = Release|Any CPU
	EndGlobalSection
	GlobalSection(SolutionProperties) = preSolution
		HideSolutionNode = FALSE
	EndGlobalSection
	GlobalSection(ExtensibilityGlobals) = postSolution
		SolutionGuid = {05C189AC-8E88-4C07-B8E3-A245EABCAAF3}
	EndGlobalSection
EndGlobal
