
Microsoft Visual Studio Solution File, Format Version 12.00
# Visual Studio 15
VisualStudioVersion = 15.0.27130.2010
MinimumVisualStudioVersion = 10.0.40219.1
Project("{FAE04EC0-301F-11D3-BF4B-00C04F79EFBC}") = "AES256SaltEncryptionLibrary", "AES256SaltEncryption\AES256SaltEncryptionLibrary.csproj", "{8295209A-CC8E-465A-B328-7DB8318E23C7}"
EndProject
Project("{FAE04EC0-301F-11D3-BF4B-00C04F79EFBC}") = "EncryptionTester", "EncryptionTester\EncryptionTester.csproj", "{78CFDC34-A343-479D-A4CC-A021E2BE41FD}"
EndProject
Global
	GlobalSection(SolutionConfigurationPlatforms) = preSolution
		Debug|Any CPU = Debug|Any CPU
		Release|Any CPU = Release|Any CPU
	EndGlobalSection
	GlobalSection(ProjectConfigurationPlatforms) = postSolution
		{8295209A-CC8E-465A-B328-7DB8318E23C7}.Debug|Any CPU.ActiveCfg = Debug|Any CPU
		{8295209A-CC8E-465A-B328-7DB8318E23C7}.Debug|Any CPU.Build.0 = Debug|Any CPU
		{8295209A-CC8E-465A-B328-7DB8318E23C7}.Release|Any CPU.ActiveCfg = Release|Any CPU
		{8295209A-CC8E-465A-B328-7DB8318E23C7}.Release|Any CPU.Build.0 = Release|Any CPU
		{78CFDC34-A343-479D-A4CC-A021E2BE41FD}.Debug|Any CPU.ActiveCfg = Debug|Any CPU
		{78CFDC34-A343-479D-A4CC-A021E2BE41FD}.Debug|Any CPU.Build.0 = Debug|Any CPU
		{78CFDC34-A343-479D-A4CC-A021E2BE41FD}.Release|Any CPU.ActiveCfg = Release|Any CPU
		{78CFDC34-A343-479D-A4CC-A021E2BE41FD}.Release|Any CPU.Build.0 = Release|Any CPU
	EndGlobalSection
	GlobalSection(SolutionProperties) = preSolution
		HideSolutionNode = FALSE
	EndGlobalSection
	GlobalSection(ExtensibilityGlobals) = postSolution
		SolutionGuid = {C71D12E5-7BFE-4B8A-A633-E0B028FF32D9}
	EndGlobalSection
EndGlobal
